
Microsoft Visual Studio Solution File, Format Version 12.00
Project("{FAE04EC0-301F-11D3-BF4B-00C04F79EFBC}") = "apbd-cw1-git-s33986", "apbd-cw1-git-s33986.csproj", "{6AD07715-09A7-4FB5-85C8-B731DCA85A01}"
EndProject
Global
	GlobalSection(SolutionConfigurationPlatforms) = preSolution
		Debug|Any CPU = Debug|Any CPU
		Release|Any CPU = Release|Any CPU
	EndGlobalSection
	GlobalSection(ProjectConfigurationPlatforms) = postSolution
		{6AD07715-09A7-4FB5-85C8-B731DCA85A01}.Debug|Any CPU.ActiveCfg = Debug|Any CPU
		{6AD07715-09A7-4FB5-85C8-B731DCA85A01}.Debug|Any CPU.Build.0 = Debug|Any CPU
		{6AD07715-09A7-4FB5-85C8-B731DCA85A01}.Release|Any CPU.ActiveCfg = Release|Any CPU
		{6AD07715-09A7-4FB5-85C8-B731DCA85A01}.Release|Any CPU.Build.0 = Release|Any CPU
	EndGlobalSection
EndGlobal
